// !$*UTF8*$!
{
	archiveVersion = 1;
	classes = {
	};
	objectVersion = 50;
	objects = {

/* Begin PBXBuildFile section */
		93059CBE2597CBCF00B0B181 /* Constants.swift in Sources */ = {isa = PBXBuildFile; fileRef = 93059CBD2597CBCF00B0B181 /* Constants.swift */; };
		931D638A25936C240042B3D2 /* courses_samples.json in Resources */ = {isa = PBXBuildFile; fileRef = 931D638925936C240042B3D2 /* courses_samples.json */; };
		938F7BBE259377380062C79E /* Observer.swift in Sources */ = {isa = PBXBuildFile; fileRef = 938F7BBD259377380062C79E /* Observer.swift */; };
		938F7BC12593A4CB0062C79E /* Filter.swift in Sources */ = {isa = PBXBuildFile; fileRef = 938F7BC02593A4CB0062C79E /* Filter.swift */; };
		938F7BC52593DF2A0062C79E /* Debounce.swift in Sources */ = {isa = PBXBuildFile; fileRef = 938F7BC42593DF2A0062C79E /* Debounce.swift */; };
		938F7BCE2593F3B20062C79E /* TasksFiltersTableViewController.swift in Sources */ = {isa = PBXBuildFile; fileRef = 938F7BCD2593F3B20062C79E /* TasksFiltersTableViewController.swift */; };
		938F7BD22593F5A20062C79E /* PickerTableViewController.swift in Sources */ = {isa = PBXBuildFile; fileRef = 938F7BD12593F5A20062C79E /* PickerTableViewController.swift */; };
		9399DACE2596690100F0891C /* UIColor + Codable.swift in Sources */ = {isa = PBXBuildFile; fileRef = 9399DACD2596690100F0891C /* UIColor + Codable.swift */; };
		93BC92D9258A00060084AF40 /* ACTabScrollView+Protocol.swift in Sources */ = {isa = PBXBuildFile; fileRef = 93BC92D7258A00060084AF40 /* ACTabScrollView+Protocol.swift */; };
		93BC92DA258A00060084AF40 /* ACTabScrollView.swift in Sources */ = {isa = PBXBuildFile; fileRef = 93BC92D8258A00060084AF40 /* ACTabScrollView.swift */; };
		93BC92DE258A07920084AF40 /* TasksViewController.swift in Sources */ = {isa = PBXBuildFile; fileRef = 93BC92DD258A07920084AF40 /* TasksViewController.swift */; };
		93BC92E1258A07FA0084AF40 /* TasksTableViewController.swift in Sources */ = {isa = PBXBuildFile; fileRef = 93BC92E0258A07FA0084AF40 /* TasksTableViewController.swift */; };
		93BC92E4258A0B480084AF40 /* TasksTableViewCell.swift in Sources */ = {isa = PBXBuildFile; fileRef = 93BC92E3258A0B480084AF40 /* TasksTableViewCell.swift */; };
		93BC92E8258A14AF0084AF40 /* DataManagerController.swift in Sources */ = {isa = PBXBuildFile; fileRef = 93BC92E7258A14AF0084AF40 /* DataManagerController.swift */; };
		93EE2FC1258E859E00D6D13B /* LocalNotificationManager.swift in Sources */ = {isa = PBXBuildFile; fileRef = 93EE2FC0258E859E00D6D13B /* LocalNotificationManager.swift */; };
		93EE2FC4258E908E00D6D13B /* Notification.swift in Sources */ = {isa = PBXBuildFile; fileRef = 93EE2FC3258E908E00D6D13B /* Notification.swift */; };
		F07E03BD259231160028F604 /* CoursesTableViewController.swift in Sources */ = {isa = PBXBuildFile; fileRef = F07E03BC259231160028F604 /* CoursesTableViewController.swift */; };
		F07E03C02592482D0028F604 /* CoursesTableViewCell.swift in Sources */ = {isa = PBXBuildFile; fileRef = F07E03BF2592482D0028F604 /* CoursesTableViewCell.swift */; };
		F09E888D258564DD0043A25A /* AddTaskViewController.swift in Sources */ = {isa = PBXBuildFile; fileRef = F09E888C258564DD0043A25A /* AddTaskViewController.swift */; };
		F09EE9562577C65D00C60E50 /* AppDelegate.swift in Sources */ = {isa = PBXBuildFile; fileRef = F09EE9552577C65D00C60E50 /* AppDelegate.swift */; };
		F09EE9582577C65D00C60E50 /* SceneDelegate.swift in Sources */ = {isa = PBXBuildFile; fileRef = F09EE9572577C65D00C60E50 /* SceneDelegate.swift */; };
		F09EE95D2577C65D00C60E50 /* Main.storyboard in Resources */ = {isa = PBXBuildFile; fileRef = F09EE95B2577C65D00C60E50 /* Main.storyboard */; };
		F09EE95F2577C66000C60E50 /* Assets.xcassets in Resources */ = {isa = PBXBuildFile; fileRef = F09EE95E2577C66000C60E50 /* Assets.xcassets */; };
		F09EE9622577C66000C60E50 /* LaunchScreen.storyboard in Resources */ = {isa = PBXBuildFile; fileRef = F09EE9602577C66000C60E50 /* LaunchScreen.storyboard */; };
		F0D914A22588D8450022DD06 /* Task.swift in Sources */ = {isa = PBXBuildFile; fileRef = F0D914A12588D8450022DD06 /* Task.swift */; };
		F0D914A52588D9DE0022DD06 /* Course.swift in Sources */ = {isa = PBXBuildFile; fileRef = F0D914A42588D9DE0022DD06 /* Course.swift */; };
/* End PBXBuildFile section */

/* Begin PBXFileReference section */
		93059CBD2597CBCF00B0B181 /* Constants.swift */ = {isa = PBXFileReference; lastKnownFileType = sourcecode.swift; path = Constants.swift; sourceTree = "<group>"; };
		931D638925936C240042B3D2 /* courses_samples.json */ = {isa = PBXFileReference; lastKnownFileType = text.json; path = courses_samples.json; sourceTree = "<group>"; };
		938F7BBD259377380062C79E /* Observer.swift */ = {isa = PBXFileReference; lastKnownFileType = sourcecode.swift; path = Observer.swift; sourceTree = "<group>"; };
		938F7BC02593A4CB0062C79E /* Filter.swift */ = {isa = PBXFileReference; lastKnownFileType = sourcecode.swift; path = Filter.swift; sourceTree = "<group>"; };
		938F7BC42593DF2A0062C79E /* Debounce.swift */ = {isa = PBXFileReference; lastKnownFileType = sourcecode.swift; path = Debounce.swift; sourceTree = "<group>"; };
		938F7BCD2593F3B20062C79E /* TasksFiltersTableViewController.swift */ = {isa = PBXFileReference; lastKnownFileType = sourcecode.swift; path = TasksFiltersTableViewController.swift; sourceTree = "<group>"; };
		938F7BD12593F5A20062C79E /* PickerTableViewController.swift */ = {isa = PBXFileReference; lastKnownFileType = sourcecode.swift; path = PickerTableViewController.swift; sourceTree = "<group>"; };
		9399DACD2596690100F0891C /* UIColor + Codable.swift */ = {isa = PBXFileReference; lastKnownFileType = sourcecode.swift; path = "UIColor + Codable.swift"; sourceTree = "<group>"; };
		93BC92D7258A00060084AF40 /* ACTabScrollView+Protocol.swift */ = {isa = PBXFileReference; fileEncoding = 4; lastKnownFileType = sourcecode.swift; path = "ACTabScrollView+Protocol.swift"; sourceTree = "<group>"; };
		93BC92D8258A00060084AF40 /* ACTabScrollView.swift */ = {isa = PBXFileReference; fileEncoding = 4; lastKnownFileType = sourcecode.swift; path = ACTabScrollView.swift; sourceTree = "<group>"; };
		93BC92DD258A07920084AF40 /* TasksViewController.swift */ = {isa = PBXFileReference; lastKnownFileType = sourcecode.swift; path = TasksViewController.swift; sourceTree = "<group>"; };
		93BC92E0258A07FA0084AF40 /* TasksTableViewController.swift */ = {isa = PBXFileReference; lastKnownFileType = sourcecode.swift; path = TasksTableViewController.swift; sourceTree = "<group>"; };
		93BC92E3258A0B480084AF40 /* TasksTableViewCell.swift */ = {isa = PBXFileReference; lastKnownFileType = sourcecode.swift; path = TasksTableViewCell.swift; sourceTree = "<group>"; };
		93BC92E7258A14AF0084AF40 /* DataManagerController.swift */ = {isa = PBXFileReference; lastKnownFileType = sourcecode.swift; path = DataManagerController.swift; sourceTree = "<group>"; };
		93EE2FC0258E859E00D6D13B /* LocalNotificationManager.swift */ = {isa = PBXFileReference; lastKnownFileType = sourcecode.swift; path = LocalNotificationManager.swift; sourceTree = "<group>"; };
		93EE2FC3258E908E00D6D13B /* Notification.swift */ = {isa = PBXFileReference; lastKnownFileType = sourcecode.swift; path = Notification.swift; sourceTree = "<group>"; };
		F07E03BC259231160028F604 /* CoursesTableViewController.swift */ = {isa = PBXFileReference; lastKnownFileType = sourcecode.swift; name = CoursesTableViewController.swift; path = "View Controller/CoursesTableViewController.swift"; sourceTree = "<group>"; };
		F07E03BF2592482D0028F604 /* CoursesTableViewCell.swift */ = {isa = PBXFileReference; lastKnownFileType = sourcecode.swift; name = CoursesTableViewCell.swift; path = "View Controller/CoursesTableViewCell.swift"; sourceTree = "<group>"; };
		F09E888C258564DD0043A25A /* AddTaskViewController.swift */ = {isa = PBXFileReference; lastKnownFileType = sourcecode.swift; path = AddTaskViewController.swift; sourceTree = "<group>"; };
		F09EE9522577C65D00C60E50 /* StudentTasks.app */ = {isa = PBXFileReference; explicitFileType = wrapper.application; includeInIndex = 0; path = StudentTasks.app; sourceTree = BUILT_PRODUCTS_DIR; };
		F09EE9552577C65D00C60E50 /* AppDelegate.swift */ = {isa = PBXFileReference; lastKnownFileType = sourcecode.swift; path = AppDelegate.swift; sourceTree = "<group>"; };
		F09EE9572577C65D00C60E50 /* SceneDelegate.swift */ = {isa = PBXFileReference; lastKnownFileType = sourcecode.swift; path = SceneDelegate.swift; sourceTree = "<group>"; };
		F09EE95C2577C65D00C60E50 /* Base */ = {isa = PBXFileReference; lastKnownFileType = file.storyboard; name = Base; path = Base.lproj/Main.storyboard; sourceTree = "<group>"; };
		F09EE95E2577C66000C60E50 /* Assets.xcassets */ = {isa = PBXFileReference; lastKnownFileType = folder.assetcatalog; path = Assets.xcassets; sourceTree = "<group>"; };
		F09EE9612577C66000C60E50 /* Base */ = {isa = PBXFileReference; lastKnownFileType = file.storyboard; name = Base; path = Base.lproj/LaunchScreen.storyboard; sourceTree = "<group>"; };
		F09EE9632577C66000C60E50 /* Info.plist */ = {isa = PBXFileReference; lastKnownFileType = text.plist.xml; path = Info.plist; sourceTree = "<group>"; };
		F0D914A12588D8450022DD06 /* Task.swift */ = {isa = PBXFileReference; lastKnownFileType = sourcecode.swift; name = Task.swift; path = StudentTasks/Model/Task.swift; sourceTree = SOURCE_ROOT; };
		F0D914A42588D9DE0022DD06 /* Course.swift */ = {isa = PBXFileReference; lastKnownFileType = sourcecode.swift; name = Course.swift; path = StudentTasks/Model/Course.swift; sourceTree = SOURCE_ROOT; };
/* End PBXFileReference section */

/* Begin PBXFrameworksBuildPhase section */
		F09EE94F2577C65D00C60E50 /* Frameworks */ = {
			isa = PBXFrameworksBuildPhase;
			buildActionMask = 2147483647;
			files = (
			);
			runOnlyForDeploymentPostprocessing = 0;
		};
/* End PBXFrameworksBuildPhase section */

/* Begin PBXGroup section */
		931D638825936C080042B3D2 /* Data */ = {
			isa = PBXGroup;
			children = (
				931D638925936C240042B3D2 /* courses_samples.json */,
				93059CBD2597CBCF00B0B181 /* Constants.swift */,
			);
			path = Data;
			sourceTree = "<group>";
		};
		934D4937259275A400D904FF /* Task list */ = {
			isa = PBXGroup;
			children = (
				93BC92DD258A07920084AF40 /* TasksViewController.swift */,
				93BC92E0258A07FA0084AF40 /* TasksTableViewController.swift */,
				93BC92E3258A0B480084AF40 /* TasksTableViewCell.swift */,
				938F7BCD2593F3B20062C79E /* TasksFiltersTableViewController.swift */,
			);
			path = "Task list";
			sourceTree = "<group>";
		};
		93BC92D62589FFE70084AF40 /* ACTabs */ = {
			isa = PBXGroup;
			children = (
				93BC92D8258A00060084AF40 /* ACTabScrollView.swift */,
				93BC92D7258A00060084AF40 /* ACTabScrollView+Protocol.swift */,
			);
			path = ACTabs;
			sourceTree = "<group>";
		};
		93BC92E6258A14900084AF40 /* Helper */ = {
			isa = PBXGroup;
			children = (
				93BC92E7258A14AF0084AF40 /* DataManagerController.swift */,
				93EE2FC0258E859E00D6D13B /* LocalNotificationManager.swift */,
				938F7BBD259377380062C79E /* Observer.swift */,
				938F7BC42593DF2A0062C79E /* Debounce.swift */,
				938F7BD12593F5A20062C79E /* PickerTableViewController.swift */,
				9399DACD2596690100F0891C /* UIColor + Codable.swift */,
			);
			path = Helper;
			sourceTree = "<group>";
		};
		F09EE9492577C65D00C60E50 = {
			isa = PBXGroup;
			children = (
				F09EE9542577C65D00C60E50 /* StudentTasks */,
				F09EE9532577C65D00C60E50 /* Products */,
			);
			sourceTree = "<group>";
		};
		F09EE9532577C65D00C60E50 /* Products */ = {
			isa = PBXGroup;
			children = (
				F09EE9522577C65D00C60E50 /* StudentTasks.app */,
			);
			name = Products;
			sourceTree = "<group>";
		};
		F09EE9542577C65D00C60E50 /* StudentTasks */ = {
			isa = PBXGroup;
			children = (
				931D638825936C080042B3D2 /* Data */,
				934D4937259275A400D904FF /* Task list */,
				93BC92E6258A14900084AF40 /* Helper */,
				93BC92D62589FFE70084AF40 /* ACTabs */,
				F0D914A02588D8050022DD06 /* View Controller */,
				F0D9149F2588D7FB0022DD06 /* Model */,
				F09EE9552577C65D00C60E50 /* AppDelegate.swift */,
				F09EE9572577C65D00C60E50 /* SceneDelegate.swift */,
				F09EE95B2577C65D00C60E50 /* Main.storyboard */,
				F07E03BF2592482D0028F604 /* CoursesTableViewCell.swift */,
				F07E03BC259231160028F604 /* CoursesTableViewController.swift */,
				F09EE95E2577C66000C60E50 /* Assets.xcassets */,
				F09EE9602577C66000C60E50 /* LaunchScreen.storyboard */,
				F09EE9632577C66000C60E50 /* Info.plist */,
				F09E888C258564DD0043A25A /* AddTaskViewController.swift */,
			);
			path = StudentTasks;
			sourceTree = "<group>";
		};
		F0D9149F2588D7FB0022DD06 /* Model */ = {
			isa = PBXGroup;
			children = (
				F0D914A12588D8450022DD06 /* Task.swift */,
				F0D914A42588D9DE0022DD06 /* Course.swift */,
				93EE2FC3258E908E00D6D13B /* Notification.swift */,
				938F7BC02593A4CB0062C79E /* Filter.swift */,
			);
			path = Model;
			sourceTree = "<group>";
		};
		F0D914A02588D8050022DD06 /* View Controller */ = {
			isa = PBXGroup;
			children = (
			);
			path = "View Controller";
			sourceTree = "<group>";
		};
/* End PBXGroup section */

/* Begin PBXNativeTarget section */
		F09EE9512577C65D00C60E50 /* StudentTasks */ = {
			isa = PBXNativeTarget;
			buildConfigurationList = F09EE9662577C66000C60E50 /* Build configuration list for PBXNativeTarget "StudentTasks" */;
			buildPhases = (
				F09EE94E2577C65D00C60E50 /* Sources */,
				F09EE94F2577C65D00C60E50 /* Frameworks */,
				F09EE9502577C65D00C60E50 /* Resources */,
			);
			buildRules = (
			);
			dependencies = (
			);
			name = StudentTasks;
			productName = StudentTasks;
			productReference = F09EE9522577C65D00C60E50 /* StudentTasks.app */;
			productType = "com.apple.product-type.application";
		};
/* End PBXNativeTarget section */

/* Begin PBXProject section */
		F09EE94A2577C65D00C60E50 /* Project object */ = {
			isa = PBXProject;
			attributes = {
				LastSwiftUpdateCheck = 1210;
				LastUpgradeCheck = 1210;
				TargetAttributes = {
					F09EE9512577C65D00C60E50 = {
						CreatedOnToolsVersion = 12.1;
					};
				};
			};
			buildConfigurationList = F09EE94D2577C65D00C60E50 /* Build configuration list for PBXProject "StudentTasks" */;
			compatibilityVersion = "Xcode 9.3";
			developmentRegion = en;
			hasScannedForEncodings = 0;
			knownRegions = (
				en,
				Base,
			);
			mainGroup = F09EE9492577C65D00C60E50;
			productRefGroup = F09EE9532577C65D00C60E50 /* Products */;
			projectDirPath = "";
			projectRoot = "";
			targets = (
				F09EE9512577C65D00C60E50 /* StudentTasks */,
			);
		};
/* End PBXProject section */

/* Begin PBXResourcesBuildPhase section */
		F09EE9502577C65D00C60E50 /* Resources */ = {
			isa = PBXResourcesBuildPhase;
			buildActionMask = 2147483647;
			files = (
				931D638A25936C240042B3D2 /* courses_samples.json in Resources */,
				F09EE9622577C66000C60E50 /* LaunchScreen.storyboard in Resources */,
				F09EE95F2577C66000C60E50 /* Assets.xcassets in Resources */,
				F09EE95D2577C65D00C60E50 /* Main.storyboard in Resources */,
			);
			runOnlyForDeploymentPostprocessing = 0;
		};
/* End PBXResourcesBuildPhase section */

/* Begin PBXSourcesBuildPhase section */
		F09EE94E2577C65D00C60E50 /* Sources */ = {
			isa = PBXSourcesBuildPhase;
			buildActionMask = 2147483647;
			files = (
				93BC92E1258A07FA0084AF40 /* TasksTableViewController.swift in Sources */,
				93059CBE2597CBCF00B0B181 /* Constants.swift in Sources */,
				938F7BBE259377380062C79E /* Observer.swift in Sources */,
				F0D914A52588D9DE0022DD06 /* Course.swift in Sources */,
				938F7BD22593F5A20062C79E /* PickerTableViewController.swift in Sources */,
				93BC92DE258A07920084AF40 /* TasksViewController.swift in Sources */,
				9399DACE2596690100F0891C /* UIColor + Codable.swift in Sources */,
				938F7BC12593A4CB0062C79E /* Filter.swift in Sources */,
				F07E03C02592482D0028F604 /* CoursesTableViewCell.swift in Sources */,
				93BC92D9258A00060084AF40 /* ACTabScrollView+Protocol.swift in Sources */,
				F09E888D258564DD0043A25A /* AddTaskViewController.swift in Sources */,
				F0D914A22588D8450022DD06 /* Task.swift in Sources */,
				93EE2FC1258E859E00D6D13B /* LocalNotificationManager.swift in Sources */,
				938F7BCE2593F3B20062C79E /* TasksFiltersTableViewController.swift in Sources */,
				938F7BC52593DF2A0062C79E /* Debounce.swift in Sources */,
				93EE2FC4258E908E00D6D13B /* Notification.swift in Sources */,
				93BC92E4258A0B480084AF40 /* TasksTableViewCell.swift in Sources */,
				93BC92E8258A14AF0084AF40 /* DataManagerController.swift in Sources */,
				93BC92DA258A00060084AF40 /* ACTabScrollView.swift in Sources */,
				F09EE9562577C65D00C60E50 /* AppDelegate.swift in Sources */,
				F07E03BD259231160028F604 /* CoursesTableViewController.swift in Sources */,
				F09EE9582577C65D00C60E50 /* SceneDelegate.swift in Sources */,
			);
			runOnlyForDeploymentPostprocessing = 0;
		};
/* End PBXSourcesBuildPhase section */

/* Begin PBXVariantGroup section */
		F09EE95B2577C65D00C60E50 /* Main.storyboard */ = {
			isa = PBXVariantGroup;
			children = (
				F09EE95C2577C65D00C60E50 /* Base */,
			);
			name = Main.storyboard;
			sourceTree = "<group>";
		};
		F09EE9602577C66000C60E50 /* LaunchScreen.storyboard */ = {
			isa = PBXVariantGroup;
			children = (
				F09EE9612577C66000C60E50 /* Base */,
			);
			name = LaunchScreen.storyboard;
			sourceTree = "<group>";
		};
/* End PBXVariantGroup section */

/* Begin XCBuildConfiguration section */
		F09EE9642577C66000C60E50 /* Debug */ = {
			isa = XCBuildConfiguration;
			buildSettings = {
				ALWAYS_SEARCH_USER_PATHS = NO;
				CLANG_ANALYZER_NONNULL = YES;
				CLANG_ANALYZER_NUMBER_OBJECT_CONVERSION = YES_AGGRESSIVE;
				CLANG_CXX_LANGUAGE_STANDARD = "gnu++14";
				CLANG_CXX_LIBRARY = "libc++";
				CLANG_ENABLE_MODULES = YES;
				CLANG_ENABLE_OBJC_ARC = YES;
				CLANG_ENABLE_OBJC_WEAK = YES;
				CLANG_WARN_BLOCK_CAPTURE_AUTORELEASING = YES;
				CLANG_WARN_BOOL_CONVERSION = YES;
				CLANG_WARN_COMMA = YES;
				CLANG_WARN_CONSTANT_CONVERSION = YES;
				CLANG_WARN_DEPRECATED_OBJC_IMPLEMENTATIONS = YES;
				CLANG_WARN_DIRECT_OBJC_ISA_USAGE = YES_ERROR;
				CLANG_WARN_DOCUMENTATION_COMMENTS = YES;
				CLANG_WARN_EMPTY_BODY = YES;
				CLANG_WARN_ENUM_CONVERSION = YES;
				CLANG_WARN_INFINITE_RECURSION = YES;
				CLANG_WARN_INT_CONVERSION = YES;
				CLANG_WARN_NON_LITERAL_NULL_CONVERSION = YES;
				CLANG_WARN_OBJC_IMPLICIT_RETAIN_SELF = YES;
				CLANG_WARN_OBJC_LITERAL_CONVERSION = YES;
				CLANG_WARN_OBJC_ROOT_CLASS = YES_ERROR;
				CLANG_WARN_QUOTED_INCLUDE_IN_FRAMEWORK_HEADER = YES;
				CLANG_WARN_RANGE_LOOP_ANALYSIS = YES;
				CLANG_WARN_STRICT_PROTOTYPES = YES;
				CLANG_WARN_SUSPICIOUS_MOVE = YES;
				CLANG_WARN_UNGUARDED_AVAILABILITY = YES_AGGRESSIVE;
				CLANG_WARN_UNREACHABLE_CODE = YES;
				CLANG_WARN__DUPLICATE_METHOD_MATCH = YES;
				COPY_PHASE_STRIP = NO;
				DEBUG_INFORMATION_FORMAT = dwarf;
				ENABLE_STRICT_OBJC_MSGSEND = YES;
				ENABLE_TESTABILITY = YES;
				GCC_C_LANGUAGE_STANDARD = gnu11;
				GCC_DYNAMIC_NO_PIC = NO;
				GCC_NO_COMMON_BLOCKS = YES;
				GCC_OPTIMIZATION_LEVEL = 0;
				GCC_PREPROCESSOR_DEFINITIONS = (
					"DEBUG=1",
					"$(inherited)",
				);
				GCC_WARN_64_TO_32_BIT_CONVERSION = YES;
				GCC_WARN_ABOUT_RETURN_TYPE = YES_ERROR;
				GCC_WARN_UNDECLARED_SELECTOR = YES;
				GCC_WARN_UNINITIALIZED_AUTOS = YES_AGGRESSIVE;
				GCC_WARN_UNUSED_FUNCTION = YES;
				GCC_WARN_UNUSED_VARIABLE = YES;
				IPHONEOS_DEPLOYMENT_TARGET = 14.1;
				MTL_ENABLE_DEBUG_INFO = INCLUDE_SOURCE;
				MTL_FAST_MATH = YES;
				ONLY_ACTIVE_ARCH = YES;
				SDKROOT = iphoneos;
				SWIFT_ACTIVE_COMPILATION_CONDITIONS = DEBUG;
				SWIFT_OPTIMIZATION_LEVEL = "-Onone";
			};
			name = Debug;
		};
		F09EE9652577C66000C60E50 /* Release */ = {
			isa = XCBuildConfiguration;
			buildSettings = {
				ALWAYS_SEARCH_USER_PATHS = NO;
				CLANG_ANALYZER_NONNULL = YES;
				CLANG_ANALYZER_NUMBER_OBJECT_CONVERSION = YES_AGGRESSIVE;
				CLANG_CXX_LANGUAGE_STANDARD = "gnu++14";
				CLANG_CXX_LIBRARY = "libc++";
				CLANG_ENABLE_MODULES = YES;
				CLANG_ENABLE_OBJC_ARC = YES;
				CLANG_ENABLE_OBJC_WEAK = YES;
				CLANG_WARN_BLOCK_CAPTURE_AUTORELEASING = YES;
				CLANG_WARN_BOOL_CONVERSION = YES;
				CLANG_WARN_COMMA = YES;
				CLANG_WARN_CONSTANT_CONVERSION = YES;
				CLANG_WARN_DEPRECATED_OBJC_IMPLEMENTATIONS = YES;
				CLANG_WARN_DIRECT_OBJC_ISA_USAGE = YES_ERROR;
				CLANG_WARN_DOCUMENTATION_COMMENTS = YES;
				CLANG_WARN_EMPTY_BODY = YES;
				CLANG_WARN_ENUM_CONVERSION = YES;
				CLANG_WARN_INFINITE_RECURSION = YES;
				CLANG_WARN_INT_CONVERSION = YES;
				CLANG_WARN_NON_LITERAL_NULL_CONVERSION = YES;
				CLANG_WARN_OBJC_IMPLICIT_RETAIN_SELF = YES;
				CLANG_WARN_OBJC_LITERAL_CONVERSION = YES;
				CLANG_WARN_OBJC_ROOT_CLASS = YES_ERROR;
				CLANG_WARN_QUOTED_INCLUDE_IN_FRAMEWORK_HEADER = YES;
				CLANG_WARN_RANGE_LOOP_ANALYSIS = YES;
				CLANG_WARN_STRICT_PROTOTYPES = YES;
				CLANG_WARN_SUSPICIOUS_MOVE = YES;
				CLANG_WARN_UNGUARDED_AVAILABILITY = YES_AGGRESSIVE;
				CLANG_WARN_UNREACHABLE_CODE = YES;
				CLANG_WARN__DUPLICATE_METHOD_MATCH = YES;
				COPY_PHASE_STRIP = NO;
				DEBUG_INFORMATION_FORMAT = "dwarf-with-dsym";
				ENABLE_NS_ASSERTIONS = NO;
				ENABLE_STRICT_OBJC_MSGSEND = YES;
				GCC_C_LANGUAGE_STANDARD = gnu11;
				GCC_NO_COMMON_BLOCKS = YES;
				GCC_WARN_64_TO_32_BIT_CONVERSION = YES;
				GCC_WARN_ABOUT_RETURN_TYPE = YES_ERROR;
				GCC_WARN_UNDECLARED_SELECTOR = YES;
				GCC_WARN_UNINITIALIZED_AUTOS = YES_AGGRESSIVE;
				GCC_WARN_UNUSED_FUNCTION = YES;
				GCC_WARN_UNUSED_VARIABLE = YES;
				IPHONEOS_DEPLOYMENT_TARGET = 14.1;
				MTL_ENABLE_DEBUG_INFO = NO;
				MTL_FAST_MATH = YES;
				SDKROOT = iphoneos;
				SWIFT_COMPILATION_MODE = wholemodule;
				SWIFT_OPTIMIZATION_LEVEL = "-O";
				VALIDATE_PRODUCT = YES;
			};
			name = Release;
		};
		F09EE9672577C66000C60E50 /* Debug */ = {
			isa = XCBuildConfiguration;
			buildSettings = {
				ASSETCATALOG_COMPILER_APPICON_NAME = AppIcon;
				ASSETCATALOG_COMPILER_GLOBAL_ACCENT_COLOR_NAME = AccentColor;
				CODE_SIGN_STYLE = Automatic;
				INFOPLIST_FILE = StudentTasks/Info.plist;
				LD_RUNPATH_SEARCH_PATHS = (
					"$(inherited)",
					"@executable_path/Frameworks",
				);
				PRODUCT_BUNDLE_IDENTIFIER = bh.polytechnic.StudentTasks;
				PRODUCT_NAME = "$(TARGET_NAME)";
				SWIFT_VERSION = 5.0;
				TARGETED_DEVICE_FAMILY = "1,2";
			};
			name = Debug;
		};
		F09EE9682577C66000C60E50 /* Release */ = {
			isa = XCBuildConfiguration;
			buildSettings = {
				ASSETCATALOG_COMPILER_APPICON_NAME = AppIcon;
				ASSETCATALOG_COMPILER_GLOBAL_ACCENT_COLOR_NAME = AccentColor;
				CODE_SIGN_STYLE = Automatic;
				INFOPLIST_FILE = StudentTasks/Info.plist;
				LD_RUNPATH_SEARCH_PATHS = (
					"$(inherited)",
					"@executable_path/Frameworks",
				);
				PRODUCT_BUNDLE_IDENTIFIER = bh.polytechnic.StudentTasks;
				PRODUCT_NAME = "$(TARGET_NAME)";
				SWIFT_VERSION = 5.0;
				TARGETED_DEVICE_FAMILY = "1,2";
			};
			name = Release;
		};
/* End XCBuildConfiguration section */

/* Begin XCConfigurationList section */
		F09EE94D2577C65D00C60E50 /* Build configuration list for PBXProject "StudentTasks" */ = {
			isa = XCConfigurationList;
			buildConfigurations = (
				F09EE9642577C66000C60E50 /* Debug */,
				F09EE9652577C66000C60E50 /* Release */,
			);
			defaultConfigurationIsVisible = 0;
			defaultConfigurationName = Release;
		};
		F09EE9662577C66000C60E50 /* Build configuration list for PBXNativeTarget "StudentTasks" */ = {
			isa = XCConfigurationList;
			buildConfigurations = (
				F09EE9672577C66000C60E50 /* Debug */,
				F09EE9682577C66000C60E50 /* Release */,
			);
			defaultConfigurationIsVisible = 0;
			defaultConfigurationName = Release;
		};
/* End XCConfigurationList section */
	};
	rootObject = F09EE94A2577C65D00C60E50 /* Project object */;
}
